
Microsoft Visual Studio Solution File, Format Version 12.00
# Visual Studio Version 16
VisualStudioVersion = 16.0.31410.357
MinimumVisualStudioVersion = 10.0.40219.1
Project("{8BC9CEB8-8B4A-11D0-8D11-00A0C91BC942}") = "AVM1", "AVM1\AVM1.vcxproj", "{D3FD249B-C14D-45F2-A650-587E72D2722C}"
EndProject
Global
	GlobalSection(SolutionConfigurationPlatforms) = preSolution
		Debug|x64 = Debug|x64
		Debug|x86 = Debug|x86
		Release|x64 = Release|x64
		Release|x86 = Release|x86
	EndGlobalSection
	GlobalSection(ProjectConfigurationPlatforms) = postSolution
		{D3FD249B-C14D-45F2-A650-587E72D2722C}.Debug|x64.ActiveCfg = Debug|x64
		{D3FD249B-C14D-45F2-A650-587E72D2722C}.Debug|x64.Build.0 = Debug|x64
		{D3FD249B-C14D-45F2-A650-587E72D2722C}.Debug|x86.ActiveCfg = Debug|Win32
		{D3FD249B-C14D-45F2-A650-587E72D2722C}.Debug|x86.Build.0 = Debug|Win32
		{D3FD249B-C14D-45F2-A650-587E72D2722C}.Release|x64.ActiveCfg = Release|x64
		{D3FD249B-C14D-45F2-A650-587E72D2722C}.Release|x64.Build.0 = Release|x64
		{D3FD249B-C14D-45F2-A650-587E72D2722C}.Release|x86.ActiveCfg = Release|Win32
		{D3FD249B-C14D-45F2-A650-587E72D2722C}.Release|x86.Build.0 = Release|Win32
	EndGlobalSection
	GlobalSection(SolutionProperties) = preSolution
		HideSolutionNode = FALSE
	EndGlobalSection
	GlobalSection(ExtensibilityGlobals) = postSolution
		SolutionGuid = {C40B5113-3B78-4C59-B924-1212E78D74AF}
	EndGlobalSection
EndGlobal
