
Microsoft Visual Studio Solution File, Format Version 12.00
# Visual Studio Version 17
VisualStudioVersion = 17.0.31919.166
MinimumVisualStudioVersion = 10.0.40219.1
Project("{FAE04EC0-301F-11D3-BF4B-00C04F79EFBC}") = "AVM6", "Zadanie_1.2\AVM6.csproj", "{29315FF0-D859-4CF2-9D1D-45EB432C964A}"
EndProject
Global
	GlobalSection(SolutionConfigurationPlatforms) = preSolution
		Debug|Any CPU = Debug|Any CPU
		Release|Any CPU = Release|Any CPU
	EndGlobalSection
	GlobalSection(ProjectConfigurationPlatforms) = postSolution
		{29315FF0-D859-4CF2-9D1D-45EB432C964A}.Debug|Any CPU.ActiveCfg = Debug|Any CPU
		{29315FF0-D859-4CF2-9D1D-45EB432C964A}.Debug|Any CPU.Build.0 = Debug|Any CPU
		{29315FF0-D859-4CF2-9D1D-45EB432C964A}.Release|Any CPU.ActiveCfg = Release|Any CPU
		{29315FF0-D859-4CF2-9D1D-45EB432C964A}.Release|Any CPU.Build.0 = Release|Any CPU
	EndGlobalSection
	GlobalSection(SolutionProperties) = preSolution
		HideSolutionNode = FALSE
	EndGlobalSection
	GlobalSection(ExtensibilityGlobals) = postSolution
		SolutionGuid = {A418D51C-96E4-49AA-AA20-9DFC05CD9653}
	EndGlobalSection
EndGlobal
